
Microsoft Visual Studio Solution File, Format Version 12.00
# Visual Studio Version 16
VisualStudioVersion = 16.0.31911.196
MinimumVisualStudioVersion = 10.0.40219.1
Project("{9A19103F-16F7-4668-BE54-9A1E7A4F7556}") = "KampIntro", "KampIntro\KampIntro.csproj", "{65B3F847-CBB5-4508-9DB3-5460F56BFABD}"
EndProject
Project("{9A19103F-16F7-4668-BE54-9A1E7A4F7556}") = "Donguler", "Donguler\Donguler.csproj", "{BF5E3B7B-5896-40B6-AAD3-5A55C13A19EB}"
EndProject
Project("{9A19103F-16F7-4668-BE54-9A1E7A4F7556}") = "ClassIntro", "ClassIntro\ClassIntro.csproj", "{ECFF02A5-880C-4CFC-99C8-54AA66D4ECBC}"
EndProject
Project("{9A19103F-16F7-4668-BE54-9A1E7A4F7556}") = "13Ocak2021-2.GunOdevi", "13Ocak2021-2.GunOdevi\13Ocak2021-2.GunOdevi.csproj", "{AA10BABA-5D01-434D-8A76-41EA09197F01}"
EndProject
Project("{9A19103F-16F7-4668-BE54-9A1E7A4F7556}") = "Metotlar", "Metotlar\Metotlar.csproj", "{3FEFC20D-D67D-4316-8F54-A6D1C45CF915}"
EndProject
Project("{9A19103F-16F7-4668-BE54-9A1E7A4F7556}") = "Matematik", "Matematik\Matematik.csproj", "{40B5699D-6422-4E1E-A038-E411915CB4D1}"
EndProject
Project("{9A19103F-16F7-4668-BE54-9A1E7A4F7556}") = "DegerVeReferansTipler", "DegerVeReferansTipler\DegerVeReferansTipler.csproj", "{1A641EC5-0C5B-4196-B008-4DF9A12A9415}"
EndProject
Project("{9A19103F-16F7-4668-BE54-9A1E7A4F7556}") = "OOP1", "OOP1\OOP1.csproj", "{A6756C4B-1F2B-454D-86A3-F815CAD47705}"
EndProject
Project("{9A19103F-16F7-4668-BE54-9A1E7A4F7556}") = "Koleksiyonlar", "Koleksiyonlar\Koleksiyonlar.csproj", "{8B55984A-51BB-472A-990F-34FCE8FBEFCC}"
EndProject
Project("{9A19103F-16F7-4668-BE54-9A1E7A4F7556}") = "GenericsIntro", "GenericsIntro\GenericsIntro.csproj", "{1E69E1DB-C0A6-41FD-B967-E50E4571AB9F}"
EndProject
Project("{9A19103F-16F7-4668-BE54-9A1E7A4F7556}") = "GenericsUygulama", "GenericsUygulama\GenericsUygulama.csproj", "{6F971B9F-E21B-42F9-A6B7-AC08906CBF7D}"
EndProject
Project("{9A19103F-16F7-4668-BE54-9A1E7A4F7556}") = "ClassMetotDemo", "ClassMetotDemo\ClassMetotDemo.csproj", "{3759ACD8-994A-4CE3-858C-B023AAC8212A}"
EndProject
Project("{9A19103F-16F7-4668-BE54-9A1E7A4F7556}") = "Oop2", "Oop2\Oop2.csproj", "{E2F07F83-00A6-45FB-8A4C-5B1A5816D74B}"
EndProject
Project("{9A19103F-16F7-4668-BE54-9A1E7A4F7556}") = "OOP3", "OOP3\OOP3.csproj", "{B41B055D-55BA-457A-B348-6E72DDA9D148}"
EndProject
Project("{9A19103F-16F7-4668-BE54-9A1E7A4F7556}") = "InterfaceAbstractDemo", "InterfaceAbstractDemo\InterfaceAbstractDemo.csproj", "{B18A76B0-C543-43FD-8038-43D5CFC7D89F}"
EndProject
Project("{2150E333-8FDC-42A3-9474-1A3956D46DE8}") = "Solution Items", "Solution Items", "{DB3F79BD-0A08-4EEF-8F02-6B8982F1DE3F}"
	ProjectSection(SolutionItems) = preProject
		.editorconfig = .editorconfig
	EndProjectSection
EndProject
Project("{9A19103F-16F7-4668-BE54-9A1E7A4F7556}") = "AbstractClasses", "AbstractClasses\AbstractClasses.csproj", "{9087B644-E9F7-4CE7-94AD-F88333A37BE3}"
EndProject
Project("{FAE04EC0-301F-11D3-BF4B-00C04F79EFBC}") = "GameProject", "GameProject\GameProject.csproj", "{6B8C8150-2EA9-451B-9718-CF6389D93B9F}"
EndProject
Global
	GlobalSection(SolutionConfigurationPlatforms) = preSolution
		Debug|Any CPU = Debug|Any CPU
		Release|Any CPU = Release|Any CPU
	EndGlobalSection
	GlobalSection(ProjectConfigurationPlatforms) = postSolution
		{65B3F847-CBB5-4508-9DB3-5460F56BFABD}.Debug|Any CPU.ActiveCfg = Debug|Any CPU
		{65B3F847-CBB5-4508-9DB3-5460F56BFABD}.Debug|Any CPU.Build.0 = Debug|Any CPU
		{65B3F847-CBB5-4508-9DB3-5460F56BFABD}.Release|Any CPU.ActiveCfg = Release|Any CPU
		{65B3F847-CBB5-4508-9DB3-5460F56BFABD}.Release|Any CPU.Build.0 = Release|Any CPU
		{BF5E3B7B-5896-40B6-AAD3-5A55C13A19EB}.Debug|Any CPU.ActiveCfg = Debug|Any CPU
		{BF5E3B7B-5896-40B6-AAD3-5A55C13A19EB}.Debug|Any CPU.Build.0 = Debug|Any CPU
		{BF5E3B7B-5896-40B6-AAD3-5A55C13A19EB}.Release|Any CPU.ActiveCfg = Release|Any CPU
		{BF5E3B7B-5896-40B6-AAD3-5A55C13A19EB}.Release|Any CPU.Build.0 = Release|Any CPU
		{ECFF02A5-880C-4CFC-99C8-54AA66D4ECBC}.Debug|Any CPU.ActiveCfg = Debug|Any CPU
		{ECFF02A5-880C-4CFC-99C8-54AA66D4ECBC}.Debug|Any CPU.Build.0 = Debug|Any CPU
		{ECFF02A5-880C-4CFC-99C8-54AA66D4ECBC}.Release|Any CPU.ActiveCfg = Release|Any CPU
		{ECFF02A5-880C-4CFC-99C8-54AA66D4ECBC}.Release|Any CPU.Build.0 = Release|Any CPU
		{AA10BABA-5D01-434D-8A76-41EA09197F01}.Debug|Any CPU.ActiveCfg = Debug|Any CPU
		{AA10BABA-5D01-434D-8A76-41EA09197F01}.Debug|Any CPU.Build.0 = Debug|Any CPU
		{AA10BABA-5D01-434D-8A76-41EA09197F01}.Release|Any CPU.ActiveCfg = Release|Any CPU
		{AA10BABA-5D01-434D-8A76-41EA09197F01}.Release|Any CPU.Build.0 = Release|Any CPU
		{3FEFC20D-D67D-4316-8F54-A6D1C45CF915}.Debug|Any CPU.ActiveCfg = Debug|Any CPU
		{3FEFC20D-D67D-4316-8F54-A6D1C45CF915}.Debug|Any CPU.Build.0 = Debug|Any CPU
		{3FEFC20D-D67D-4316-8F54-A6D1C45CF915}.Release|Any CPU.ActiveCfg = Release|Any CPU
		{3FEFC20D-D67D-4316-8F54-A6D1C45CF915}.Release|Any CPU.Build.0 = Release|Any CPU
		{40B5699D-6422-4E1E-A038-E411915CB4D1}.Debug|Any CPU.ActiveCfg = Debug|Any CPU
		{40B5699D-6422-4E1E-A038-E411915CB4D1}.Debug|Any CPU.Build.0 = Debug|Any CPU
		{40B5699D-6422-4E1E-A038-E411915CB4D1}.Release|Any CPU.ActiveCfg = Release|Any CPU
		{40B5699D-6422-4E1E-A038-E411915CB4D1}.Release|Any CPU.Build.0 = Release|Any CPU
		{1A641EC5-0C5B-4196-B008-4DF9A12A9415}.Debug|Any CPU.ActiveCfg = Debug|Any CPU
		{1A641EC5-0C5B-4196-B008-4DF9A12A9415}.Debug|Any CPU.Build.0 = Debug|Any CPU
		{1A641EC5-0C5B-4196-B008-4DF9A12A9415}.Release|Any CPU.ActiveCfg = Release|Any CPU
		{1A641EC5-0C5B-4196-B008-4DF9A12A9415}.Release|Any CPU.Build.0 = Release|Any CPU
		{A6756C4B-1F2B-454D-86A3-F815CAD47705}.Debug|Any CPU.ActiveCfg = Debug|Any CPU
		{A6756C4B-1F2B-454D-86A3-F815CAD47705}.Debug|Any CPU.Build.0 = Debug|Any CPU
		{A6756C4B-1F2B-454D-86A3-F815CAD47705}.Release|Any CPU.ActiveCfg = Release|Any CPU
		{A6756C4B-1F2B-454D-86A3-F815CAD47705}.Release|Any CPU.Build.0 = Release|Any CPU
		{8B55984A-51BB-472A-990F-34FCE8FBEFCC}.Debug|Any CPU.ActiveCfg = Debug|Any CPU
		{8B55984A-51BB-472A-990F-34FCE8FBEFCC}.Debug|Any CPU.Build.0 = Debug|Any CPU
		{8B55984A-51BB-472A-990F-34FCE8FBEFCC}.Release|Any CPU.ActiveCfg = Release|Any CPU
		{8B55984A-51BB-472A-990F-34FCE8FBEFCC}.Release|Any CPU.Build.0 = Release|Any CPU
		{1E69E1DB-C0A6-41FD-B967-E50E4571AB9F}.Debug|Any CPU.ActiveCfg = Debug|Any CPU
		{1E69E1DB-C0A6-41FD-B967-E50E4571AB9F}.Debug|Any CPU.Build.0 = Debug|Any CPU
		{1E69E1DB-C0A6-41FD-B967-E50E4571AB9F}.Release|Any CPU.ActiveCfg = Release|Any CPU
		{1E69E1DB-C0A6-41FD-B967-E50E4571AB9F}.Release|Any CPU.Build.0 = Release|Any CPU
		{6F971B9F-E21B-42F9-A6B7-AC08906CBF7D}.Debug|Any CPU.ActiveCfg = Debug|Any CPU
		{6F971B9F-E21B-42F9-A6B7-AC08906CBF7D}.Debug|Any CPU.Build.0 = Debug|Any CPU
		{6F971B9F-E21B-42F9-A6B7-AC08906CBF7D}.Release|Any CPU.ActiveCfg = Release|Any CPU
		{6F971B9F-E21B-42F9-A6B7-AC08906CBF7D}.Release|Any CPU.Build.0 = Release|Any CPU
		{3759ACD8-994A-4CE3-858C-B023AAC8212A}.Debug|Any CPU.ActiveCfg = Debug|Any CPU
		{3759ACD8-994A-4CE3-858C-B023AAC8212A}.Debug|Any CPU.Build.0 = Debug|Any CPU
		{3759ACD8-994A-4CE3-858C-B023AAC8212A}.Release|Any CPU.ActiveCfg = Release|Any CPU
		{3759ACD8-994A-4CE3-858C-B023AAC8212A}.Release|Any CPU.Build.0 = Release|Any CPU
		{E2F07F83-00A6-45FB-8A4C-5B1A5816D74B}.Debug|Any CPU.ActiveCfg = Debug|Any CPU
		{E2F07F83-00A6-45FB-8A4C-5B1A5816D74B}.Debug|Any CPU.Build.0 = Debug|Any CPU
		{E2F07F83-00A6-45FB-8A4C-5B1A5816D74B}.Release|Any CPU.ActiveCfg = Release|Any CPU
		{E2F07F83-00A6-45FB-8A4C-5B1A5816D74B}.Release|Any CPU.Build.0 = Release|Any CPU
		{B41B055D-55BA-457A-B348-6E72DDA9D148}.Debug|Any CPU.ActiveCfg = Debug|Any CPU
		{B41B055D-55BA-457A-B348-6E72DDA9D148}.Debug|Any CPU.Build.0 = Debug|Any CPU
		{B41B055D-55BA-457A-B348-6E72DDA9D148}.Release|Any CPU.ActiveCfg = Release|Any CPU
		{B41B055D-55BA-457A-B348-6E72DDA9D148}.Release|Any CPU.Build.0 = Release|Any CPU
		{B18A76B0-C543-43FD-8038-43D5CFC7D89F}.Debug|Any CPU.ActiveCfg = Debug|Any CPU
		{B18A76B0-C543-43FD-8038-43D5CFC7D89F}.Debug|Any CPU.Build.0 = Debug|Any CPU
		{B18A76B0-C543-43FD-8038-43D5CFC7D89F}.Release|Any CPU.ActiveCfg = Release|Any CPU
		{B18A76B0-C543-43FD-8038-43D5CFC7D89F}.Release|Any CPU.Build.0 = Release|Any CPU
		{9087B644-E9F7-4CE7-94AD-F88333A37BE3}.Debug|Any CPU.ActiveCfg = Debug|Any CPU
		{9087B644-E9F7-4CE7-94AD-F88333A37BE3}.Debug|Any CPU.Build.0 = Debug|Any CPU
		{9087B644-E9F7-4CE7-94AD-F88333A37BE3}.Release|Any CPU.ActiveCfg = Release|Any CPU
		{9087B644-E9F7-4CE7-94AD-F88333A37BE3}.Release|Any CPU.Build.0 = Release|Any CPU
		{6B8C8150-2EA9-451B-9718-CF6389D93B9F}.Debug|Any CPU.ActiveCfg = Debug|Any CPU
		{6B8C8150-2EA9-451B-9718-CF6389D93B9F}.Debug|Any CPU.Build.0 = Debug|Any CPU
		{6B8C8150-2EA9-451B-9718-CF6389D93B9F}.Release|Any CPU.ActiveCfg = Release|Any CPU
		{6B8C8150-2EA9-451B-9718-CF6389D93B9F}.Release|Any CPU.Build.0 = Release|Any CPU
	EndGlobalSection
	GlobalSection(SolutionProperties) = preSolution
		HideSolutionNode = FALSE
	EndGlobalSection
	GlobalSection(ExtensibilityGlobals) = postSolution
		SolutionGuid = {42541E1F-BA7B-4103-AEC9-5205552FB319}
	EndGlobalSection
EndGlobal
